
Microsoft Visual Studio Solution File, Format Version 12.00
# Visual Studio 15
VisualStudioVersion = 15.0.27130.0
MinimumVisualStudioVersion = 10.0.40219.1
Project("{FAE04EC0-301F-11D3-BF4B-00C04F79EFBC}") = "ClrHeapAllocationsAnalyzer.Test", "ClrHeapAllocationsAnalyzer.Test\ClrHeapAllocationsAnalyzer.Test.csproj", "{9F29A769-B1F0-41E0-8944-B81EDF8C96E8}"
EndProject
Project("{FAE04EC0-301F-11D3-BF4B-00C04F79EFBC}") = "ClrHeapAllocationAnalyzer.Vsix", "ClrHeapAllocationsAnalyzer.Vsix\ClrHeapAllocationAnalyzer.Vsix.csproj", "{B1412F49-1ABA-4698-B928-451FDA8DAF85}"
EndProject
Project("{FAE04EC0-301F-11D3-BF4B-00C04F79EFBC}") = "ClrHeapAllocationAnalyzer", "ClrHeapAllocationsAnalyzer\ClrHeapAllocationAnalyzer.csproj", "{5BCBD35C-219C-4BB0-8198-A5EEB0060754}"
EndProject
Project("{FAE04EC0-301F-11D3-BF4B-00C04F79EFBC}") = "ClrHeapAllocationAnalyzer.Common", "ClrHeapAllocationAnalyzer.Common\ClrHeapAllocationAnalyzer.Common.csproj", "{82798FE9-7E3D-461E-A0CE-D166D00C35DF}"
EndProject
Global
	GlobalSection(SolutionConfigurationPlatforms) = preSolution
		Debug|Any CPU = Debug|Any CPU
		Release|Any CPU = Release|Any CPU
	EndGlobalSection
	GlobalSection(ProjectConfigurationPlatforms) = postSolution
		{9F29A769-B1F0-41E0-8944-B81EDF8C96E8}.Debug|Any CPU.ActiveCfg = Debug|Any CPU
		{9F29A769-B1F0-41E0-8944-B81EDF8C96E8}.Debug|Any CPU.Build.0 = Debug|Any CPU
		{9F29A769-B1F0-41E0-8944-B81EDF8C96E8}.Release|Any CPU.ActiveCfg = Release|Any CPU
		{9F29A769-B1F0-41E0-8944-B81EDF8C96E8}.Release|Any CPU.Build.0 = Release|Any CPU
		{B1412F49-1ABA-4698-B928-451FDA8DAF85}.Debug|Any CPU.ActiveCfg = Debug|Any CPU
		{B1412F49-1ABA-4698-B928-451FDA8DAF85}.Debug|Any CPU.Build.0 = Debug|Any CPU
		{B1412F49-1ABA-4698-B928-451FDA8DAF85}.Release|Any CPU.ActiveCfg = Release|Any CPU
		{B1412F49-1ABA-4698-B928-451FDA8DAF85}.Release|Any CPU.Build.0 = Release|Any CPU
		{EAF46154-6613-4CD6-BE70-9015FF94F9CF}.Debug|Any CPU.ActiveCfg = Debug|Any CPU
		{EAF46154-6613-4CD6-BE70-9015FF94F9CF}.Debug|Any CPU.Build.0 = Debug|Any CPU
		{EAF46154-6613-4CD6-BE70-9015FF94F9CF}.Release|Any CPU.ActiveCfg = Release|Any CPU
		{EAF46154-6613-4CD6-BE70-9015FF94F9CF}.Release|Any CPU.Build.0 = Release|Any CPU
		{5BCBD35C-219C-4BB0-8198-A5EEB0060754}.Debug|Any CPU.ActiveCfg = Debug|Any CPU
		{5BCBD35C-219C-4BB0-8198-A5EEB0060754}.Debug|Any CPU.Build.0 = Debug|Any CPU
		{5BCBD35C-219C-4BB0-8198-A5EEB0060754}.Release|Any CPU.ActiveCfg = Release|Any CPU
		{5BCBD35C-219C-4BB0-8198-A5EEB0060754}.Release|Any CPU.Build.0 = Release|Any CPU
		{82798FE9-7E3D-461E-A0CE-D166D00C35DF}.Debug|Any CPU.ActiveCfg = Debug|Any CPU
		{82798FE9-7E3D-461E-A0CE-D166D00C35DF}.Debug|Any CPU.Build.0 = Debug|Any CPU
		{82798FE9-7E3D-461E-A0CE-D166D00C35DF}.Release|Any CPU.ActiveCfg = Release|Any CPU
		{82798FE9-7E3D-461E-A0CE-D166D00C35DF}.Release|Any CPU.Build.0 = Release|Any CPU
	EndGlobalSection
	GlobalSection(SolutionProperties) = preSolution
		HideSolutionNode = FALSE
	EndGlobalSection
	GlobalSection(ExtensibilityGlobals) = postSolution
		SolutionGuid = {90041C4D-CF88-4FA3-896F-D029942438DD}
	EndGlobalSection
EndGlobal
