
Microsoft Visual Studio Solution File, Format Version 12.00
# Visual Studio 15
VisualStudioVersion = 15.0.26403.7
MinimumVisualStudioVersion = 10.0.40219.1
Project("{FAE04EC0-301F-11D3-BF4B-00C04F79EFBC}") = "ClrHeapAllocationsAnalyzer.Test", "ClrHeapAllocationsAnalyzer.Test\ClrHeapAllocationsAnalyzer.Test.csproj", "{9F29A769-B1F0-41E0-8944-B81EDF8C96E8}"
EndProject
Project("{FAE04EC0-301F-11D3-BF4B-00C04F79EFBC}") = "ClrHeapAllocationAnalyzer.Vsix", "ClrHeapAllocationsAnalyzer.Vsix\ClrHeapAllocationAnalyzer.Vsix.csproj", "{B1412F49-1ABA-4698-B928-451FDA8DAF85}"
EndProject
Project("{9A19103F-16F7-4668-BE54-9A1E7A4F7556}") = "ClrHeapAllocationAnalyzer", "ClrHeapAllocationsAnalyzer\ClrHeapAllocationAnalyzer.csproj", "{EAF46154-6613-4CD6-BE70-9015FF94F9CF}"
EndProject
Project("{FAE04EC0-301F-11D3-BF4B-00C04F79EFBC}") = "ClrHeapAllocationAnalyzer.Annotations", "ClrHeapAllocationAnalyzer.Annotations\ClrHeapAllocationAnalyzer.Annotations.csproj", "{202C0C68-65A5-458C-A0B8-4623465ED579}"
EndProject
Global
	GlobalSection(SolutionConfigurationPlatforms) = preSolution
		Debug|Any CPU = Debug|Any CPU
		Release|Any CPU = Release|Any CPU
	EndGlobalSection
	GlobalSection(ProjectConfigurationPlatforms) = postSolution
		{9F29A769-B1F0-41E0-8944-B81EDF8C96E8}.Debug|Any CPU.ActiveCfg = Debug|Any CPU
		{9F29A769-B1F0-41E0-8944-B81EDF8C96E8}.Debug|Any CPU.Build.0 = Debug|Any CPU
		{9F29A769-B1F0-41E0-8944-B81EDF8C96E8}.Release|Any CPU.ActiveCfg = Release|Any CPU
		{9F29A769-B1F0-41E0-8944-B81EDF8C96E8}.Release|Any CPU.Build.0 = Release|Any CPU
		{B1412F49-1ABA-4698-B928-451FDA8DAF85}.Debug|Any CPU.ActiveCfg = Debug|Any CPU
		{B1412F49-1ABA-4698-B928-451FDA8DAF85}.Debug|Any CPU.Build.0 = Debug|Any CPU
		{B1412F49-1ABA-4698-B928-451FDA8DAF85}.Release|Any CPU.ActiveCfg = Release|Any CPU
		{B1412F49-1ABA-4698-B928-451FDA8DAF85}.Release|Any CPU.Build.0 = Release|Any CPU
		{EAF46154-6613-4CD6-BE70-9015FF94F9CF}.Debug|Any CPU.ActiveCfg = Debug|Any CPU
		{EAF46154-6613-4CD6-BE70-9015FF94F9CF}.Debug|Any CPU.Build.0 = Debug|Any CPU
		{EAF46154-6613-4CD6-BE70-9015FF94F9CF}.Release|Any CPU.ActiveCfg = Release|Any CPU
		{EAF46154-6613-4CD6-BE70-9015FF94F9CF}.Release|Any CPU.Build.0 = Release|Any CPU
		{202C0C68-65A5-458C-A0B8-4623465ED579}.Debug|Any CPU.ActiveCfg = Debug|Any CPU
		{202C0C68-65A5-458C-A0B8-4623465ED579}.Debug|Any CPU.Build.0 = Debug|Any CPU
		{202C0C68-65A5-458C-A0B8-4623465ED579}.Release|Any CPU.ActiveCfg = Release|Any CPU
		{202C0C68-65A5-458C-A0B8-4623465ED579}.Release|Any CPU.Build.0 = Release|Any CPU
	EndGlobalSection
	GlobalSection(SolutionProperties) = preSolution
		HideSolutionNode = FALSE
	EndGlobalSection
	GlobalSection(ExtensibilityGlobals) = postSolution
		SolutionGuid = {027507E2-AE88-4B44-BDFF-F6C1A8CE8381}
	EndGlobalSection
EndGlobal
